
Microsoft Visual Studio Solution File, Format Version 12.00
# Visual Studio Version 16
VisualStudioVersion = 16.0.33927.289
MinimumVisualStudioVersion = 10.0.40219.1
Project("{2150E333-8FDC-42A3-9474-1A3956D46DE8}") = "TaskReview", "TaskReview", "{472A4B2E-CF0E-4D5D-97EA-89C1CC1EBA6F}"
EndProject
Project("{FAE04EC0-301F-11D3-BF4B-00C04F79EFBC}") = "Tyuiu.BelovaEA.Sprint4.TaskReview.V13", "Tyuiu.BelovaEA.Sprint4.TaskReview.V13\Tyuiu.BelovaEA.Sprint4.TaskReview.V13.csproj", "{ED0E0B58-D0B1-458B-B272-B51A195A1CC8}"
EndProject
Project("{FAE04EC0-301F-11D3-BF4B-00C04F79EFBC}") = "Tyuiu.BelovaEA.Sprint4.TaskReview.V13.Test", "Tyuiu.BelovaEA.Sprint4.TaskReview.V13.Test\Tyuiu.BelovaEA.Sprint4.TaskReview.V13.Test.csproj", "{1EB6F7E2-177D-430B-9B87-59B70EED134C}"
EndProject
Project("{FAE04EC0-301F-11D3-BF4B-00C04F79EFBC}") = "Tyuiu.BelovaEA.Sprint4.TaskReview.V13.Lib", "Tyuiu.BelovaEA.Sprint4.TaskReview.V13.Lib\Tyuiu.BelovaEA.Sprint4.TaskReview.V13.Lib.csproj", "{5EF8CFC9-0A74-4ADB-B511-D06ADF28CC48}"
EndProject
Global
	GlobalSection(SolutionConfigurationPlatforms) = preSolution
		Debug|Any CPU = Debug|Any CPU
		Release|Any CPU = Release|Any CPU
	EndGlobalSection
	GlobalSection(ProjectConfigurationPlatforms) = postSolution
		{ED0E0B58-D0B1-458B-B272-B51A195A1CC8}.Debug|Any CPU.ActiveCfg = Debug|Any CPU
		{ED0E0B58-D0B1-458B-B272-B51A195A1CC8}.Debug|Any CPU.Build.0 = Debug|Any CPU
		{ED0E0B58-D0B1-458B-B272-B51A195A1CC8}.Release|Any CPU.ActiveCfg = Release|Any CPU
		{ED0E0B58-D0B1-458B-B272-B51A195A1CC8}.Release|Any CPU.Build.0 = Release|Any CPU
		{1EB6F7E2-177D-430B-9B87-59B70EED134C}.Debug|Any CPU.ActiveCfg = Debug|Any CPU
		{1EB6F7E2-177D-430B-9B87-59B70EED134C}.Debug|Any CPU.Build.0 = Debug|Any CPU
		{1EB6F7E2-177D-430B-9B87-59B70EED134C}.Release|Any CPU.ActiveCfg = Release|Any CPU
		{1EB6F7E2-177D-430B-9B87-59B70EED134C}.Release|Any CPU.Build.0 = Release|Any CPU
		{5EF8CFC9-0A74-4ADB-B511-D06ADF28CC48}.Debug|Any CPU.ActiveCfg = Debug|Any CPU
		{5EF8CFC9-0A74-4ADB-B511-D06ADF28CC48}.Debug|Any CPU.Build.0 = Debug|Any CPU
		{5EF8CFC9-0A74-4ADB-B511-D06ADF28CC48}.Release|Any CPU.ActiveCfg = Release|Any CPU
		{5EF8CFC9-0A74-4ADB-B511-D06ADF28CC48}.Release|Any CPU.Build.0 = Release|Any CPU
	EndGlobalSection
	GlobalSection(SolutionProperties) = preSolution
		HideSolutionNode = FALSE
	EndGlobalSection
	GlobalSection(NestedProjects) = preSolution
		{ED0E0B58-D0B1-458B-B272-B51A195A1CC8} = {472A4B2E-CF0E-4D5D-97EA-89C1CC1EBA6F}
		{1EB6F7E2-177D-430B-9B87-59B70EED134C} = {472A4B2E-CF0E-4D5D-97EA-89C1CC1EBA6F}
		{5EF8CFC9-0A74-4ADB-B511-D06ADF28CC48} = {472A4B2E-CF0E-4D5D-97EA-89C1CC1EBA6F}
	EndGlobalSection
	GlobalSection(ExtensibilityGlobals) = postSolution
		SolutionGuid = {A798D3CA-BEA9-4080-A12E-9B02B45B715D}
	EndGlobalSection
EndGlobal
